<?xml version="1.0" encoding="utf-8"?>
<Project ToolsVersion="4.0" xmlns="http://schemas.microsoft.com/developer/msbuild/2003">
  <ItemGroup>
    <Filter Include="Source Files">
      <UniqueIdentifier>{4FC737F1-C7A5-4376-A066-2A32D752A2FF}</UniqueIdentifier>
      <Extensions>cpp;c;cc;cxx;def;odl;idl;hpj;bat;asm;asmx</Extensions>
    </Filter>
    <Filter Include="Header Files">
      <UniqueIdentifier>{93995380-89BD-4b04-88EB-625FBE52EBFB}</UniqueIdentifier>
      <Extensions>h;hpp;hxx;hm;inl;inc;xsd</Extensions>
    </Filter>
    <Filter Include="Resource Files">
      <UniqueIdentifier>{67DA6AB6-F800-4c08-8B7A-83BB121AAD01}</UniqueIdentifier>
      <Extensions>rc;ico;cur;bmp;dlg;rc2;rct;bin;rgs;gif;jpg;jpeg;jpe;resx;tiff;tif;png;wav</Extensions>
    </Filter>
  </ItemGroup>
  <ItemGroup>
    <ClCompile Include="src\cpp\agent.cpp">
      <Filter>Source Files</Filter>
    </ClCompile>
    <ClCompile Include="src\cpp\classtools.cpp">
      <Filter>Source Files</Filter>
    </ClCompile>
    <ClCompile Include="src\cpp\CLHelper.cpp">
      <Filter>Source Files</Filter>
    </ClCompile>
    <ClCompile Include="src\cpp\cltest.cpp">
      <Filter>Source Files</Filter>
    </ClCompile>
    <ClCompile Include="src\cpp\JNIHelper.cpp">
      <Filter>Source Files</Filter>
    </ClCompile>
    <ClCompile Include="src\cpp\invoke\OpenCLArgDescriptor.cpp">
      <Filter>Source Files</Filter>
    </ClCompile>
    <ClCompile Include="src\cpp\invoke\OpenCLJNI.cpp">
      <Filter>Source Files</Filter>
    </ClCompile>
    <ClCompile Include="src\cpp\invoke\OpenCLMem.cpp">
      <Filter>Source Files</Filter>
    </ClCompile>
    <ClCompile Include="src\cpp\runKernel\Aparapi.cpp">
      <Filter>Source Files</Filter>
    </ClCompile>
    <ClCompile Include="src\cpp\runKernel\AparapiBuffer.cpp">
      <Filter>Source Files</Filter>
    </ClCompile>
    <ClCompile Include="src\cpp\runKernel\ArrayBuffer.cpp">
      <Filter>Source Files</Filter>
    </ClCompile>
    <ClCompile Include="src\cpp\runKernel\Config.cpp">
      <Filter>Source Files</Filter>
    </ClCompile>
    <ClCompile Include="src\cpp\runKernel\JNIContext.cpp">
      <Filter>Source Files</Filter>
    </ClCompile>
    <ClCompile Include="src\cpp\runKernel\KernelArg.cpp">
      <Filter>Source Files</Filter>
    </ClCompile>
    <ClCompile Include="src\cpp\runKernel\ProfileInfo.cpp">
      <Filter>Source Files</Filter>
    </ClCompile>
    <ClCompile Include="src\cpp\runKernel\Range.cpp">
      <Filter>Source Files</Filter>
    </ClCompile>
  </ItemGroup>
  <ItemGroup>
    <ClInclude Include="include\com_aparapi_Config.h">
      <Filter>Header Files</Filter>
    </ClInclude>
    <ClInclude Include="include\com_aparapi_Config_InstructionListener.h">
      <Filter>Header Files</Filter>
    </ClInclude>
    <ClInclude Include="include\com_aparapi_device_Device.h">
      <Filter>Header Files</Filter>
    </ClInclude>
    <ClInclude Include="include\com_aparapi_device_Device_TYPE.h">
      <Filter>Header Files</Filter>
    </ClInclude>
    <ClInclude Include="include\com_aparapi_device_OpenCLDevice.h">
      <Filter>Header Files</Filter>
    </ClInclude>
    <ClInclude Include="include\com_aparapi_device_OpenCLDevice_DeviceComparitor.h">
      <Filter>Header Files</Filter>
    </ClInclude>
    <ClInclude Include="include\com_aparapi_device_OpenCLDevice_DeviceSelector.h">
      <Filter>Header Files</Filter>
    </ClInclude>
    <ClInclude Include="include\com_aparapi_device_OpenCLDevice_OpenCLInvocationHandler.h">
      <Filter>Header Files</Filter>
    </ClInclude>
    <ClInclude Include="include\com_aparapi_internal_jni_ConfigJNI.h">
      <Filter>Header Files</Filter>
    </ClInclude>
    <ClInclude Include="include\com_aparapi_internal_jni_KernelArgJNI.h">
      <Filter>Header Files</Filter>
    </ClInclude>
    <ClInclude Include="include\com_aparapi_internal_jni_KernelRunnerJNI.h">
      <Filter>Header Files</Filter>
    </ClInclude>
    <ClInclude Include="include\com_aparapi_internal_jni_OpenCLJNI.h">
      <Filter>Header Files</Filter>
    </ClInclude>
    <ClInclude Include="include\com_aparapi_internal_jni_RangeJNI.h">
      <Filter>Header Files</Filter>
    </ClInclude>
    <ClInclude Include="include\com_aparapi_internal_kernel_KernelRunner.h">
      <Filter>Header Files</Filter>
    </ClInclude>
    <ClInclude Include="include\com_aparapi_internal_kernel_KernelRunner_ExecutionSettings.h">
      <Filter>Header Files</Filter>
    </ClInclude>
    <ClInclude Include="include\com_aparapi_internal_kernel_KernelRunner_FJSafeCyclicBarrier.h">
      <Filter>Header Files</Filter>
    </ClInclude>
    <ClInclude Include="include\com_aparapi_internal_kernel_KernelRunner_ThreadIdSetter.h">
      <Filter>Header Files</Filter>
    </ClInclude>
    <ClInclude Include="include\com_aparapi_internal_opencl_OpenCLArgDescriptor.h">
      <Filter>Header Files</Filter>
    </ClInclude>
    <ClInclude Include="include\com_aparapi_internal_opencl_OpenCLMem.h">
      <Filter>Header Files</Filter>
    </ClInclude>
    <ClInclude Include="include\com_aparapi_Kernel.h">
      <Filter>Header Files</Filter>
    </ClInclude>
    <ClInclude Include="include\com_aparapi_Kernel_Constant.h">
      <Filter>Header Files</Filter>
    </ClInclude>
    <ClInclude Include="include\com_aparapi_Kernel_Entry.h">
      <Filter>Header Files</Filter>
    </ClInclude>
    <ClInclude Include="include\com_aparapi_Kernel_EXECUTION_MODE.h">
      <Filter>Header Files</Filter>
    </ClInclude>
    <ClInclude Include="include\com_aparapi_Kernel_KernelState.h">
      <Filter>Header Files</Filter>
    </ClInclude>
    <ClInclude Include="include\com_aparapi_Kernel_Local.h">
      <Filter>Header Files</Filter>
    </ClInclude>
    <ClInclude Include="include\com_aparapi_Kernel_NoCL.h">
      <Filter>Header Files</Filter>
    </ClInclude>
    <ClInclude Include="include\com_aparapi_Kernel_OpenCLDelegate.h">
      <Filter>Header Files</Filter>
    </ClInclude>
    <ClInclude Include="include\com_aparapi_Kernel_OpenCLMapping.h">
      <Filter>Header Files</Filter>
    </ClInclude>
    <ClInclude Include="include\com_aparapi_Kernel_PrivateMemorySpace.h">
      <Filter>Header Files</Filter>
    </ClInclude>
    <ClInclude Include="include\com_aparapi_Range.h">
      <Filter>Header Files</Filter>
    </ClInclude>
    <ClInclude Include="src\cpp\classtools.h">
      <Filter>Header Files</Filter>
    </ClInclude>
    <ClInclude Include="src\cpp\CLException.h">
      <Filter>Header Files</Filter>
    </ClInclude>
    <ClInclude Include="src\cpp\CLHelper.h">
      <Filter>Header Files</Filter>
    </ClInclude>
    <ClInclude Include="src\cpp\Common.h">
      <Filter>Header Files</Filter>
    </ClInclude>
    <ClInclude Include="src\cpp\JNIHelper.h">
      <Filter>Header Files</Filter>
    </ClInclude>
    <ClInclude Include="src\cpp\invoke\JavaArgs.h">
      <Filter>Header Files</Filter>
    </ClInclude>
    <ClInclude Include="src\cpp\invoke\OpenCLArgDescriptor.h">
      <Filter>Header Files</Filter>
    </ClInclude>
    <ClInclude Include="src\cpp\invoke\OpenCLJNI.h">
      <Filter>Header Files</Filter>
    </ClInclude>
    <ClInclude Include="src\cpp\invoke\OpenCLKernel.h">
      <Filter>Header Files</Filter>
    </ClInclude>
    <ClInclude Include="src\cpp\invoke\OpenCLMem.h">
      <Filter>Header Files</Filter>
    </ClInclude>
    <ClInclude Include="src\cpp\invoke\OpenCLProgram.h">
      <Filter>Header Files</Filter>
    </ClInclude>
    <ClInclude Include="src\cpp\runKernel\Aparapi.h">
      <Filter>Header Files</Filter>
    </ClInclude>
    <ClInclude Include="src\cpp\runKernel\AparapiBuffer.h">
      <Filter>Header Files</Filter>
    </ClInclude>
    <ClInclude Include="src\cpp\runKernel\ArrayBuffer.h">
      <Filter>Header Files</Filter>
    </ClInclude>
    <ClInclude Include="src\cpp\runKernel\Config.h">
      <Filter>Header Files</Filter>
    </ClInclude>
    <ClInclude Include="src\cpp\runKernel\JNIContext.h">
      <Filter>Header Files</Filter>
    </ClInclude>
    <ClInclude Include="src\cpp\runKernel\KernelArg.h">
      <Filter>Header Files</Filter>
    </ClInclude>
    <ClInclude Include="src\cpp\runKernel\List.h">
      <Filter>Header Files</Filter>
    </ClInclude>
    <ClInclude Include="src\cpp\runKernel\ProfileInfo.h">
      <Filter>Header Files</Filter>
    </ClInclude>
    <ClInclude Include="src\cpp\runKernel\Range.h">
      <Filter>Header Files</Filter>
    </ClInclude>
  </ItemGroup>
</Project>