
Microsoft Visual Studio Solution File, Format Version 12.00
# Visual Studio 15
VisualStudioVersion = 15.0.27130.2027
MinimumVisualStudioVersion = 10.0.40219.1
Project("{8BC9CEB8-8B4A-11D0-8D11-00A0C91BC942}") = "Aparapi", "Aparapi.vcxproj", "{E4CF3A3C-B1C9-5DA6-5FDB-66C42857393E}"
EndProject
Global
	GlobalSection(SolutionConfigurationPlatforms) = preSolution
		Release|Win32 = Release|Win32
		Release|x64 = Release|x64
	EndGlobalSection
	GlobalSection(ProjectConfigurationPlatforms) = postSolution
		{E4CF3A3C-B1C9-5DA6-5FDB-66C42857393E}.Release|Win32.ActiveCfg = Release|Win32
		{E4CF3A3C-B1C9-5DA6-5FDB-66C42857393E}.Release|Win32.Build.0 = Release|Win32
		{E4CF3A3C-B1C9-5DA6-5FDB-66C42857393E}.Release|x64.ActiveCfg = Release|x64
		{E4CF3A3C-B1C9-5DA6-5FDB-66C42857393E}.Release|x64.Build.0 = Release|x64
	EndGlobalSection
	GlobalSection(SolutionProperties) = preSolution
		HideSolutionNode = FALSE
	EndGlobalSection
	GlobalSection(ExtensibilityGlobals) = postSolution
		SolutionGuid = {CE0847EC-B4BD-4075-B929-C64A713A1A1B}
	EndGlobalSection
EndGlobal
